
Microsoft Visual Studio Solution File, Format Version 12.00
# Visual Studio 2012
Project("{FAE04EC0-301F-11D3-BF4B-00C04F79EFBC}") = "ZSSRichTextEditorBinding", "ZSSRichTextEditorBinding.csproj", "{CC5420CA-CCD0-40A4-964B-72CF4F065FDA}"
EndProject
Global
	GlobalSection(SolutionConfigurationPlatforms) = preSolution
		Debug|Any CPU = Debug|Any CPU
		Release|Any CPU = Release|Any CPU
	EndGlobalSection
	GlobalSection(ProjectConfigurationPlatforms) = postSolution
		{CC5420CA-CCD0-40A4-964B-72CF4F065FDA}.Debug|Any CPU.ActiveCfg = Debug|Any CPU
		{CC5420CA-CCD0-40A4-964B-72CF4F065FDA}.Debug|Any CPU.Build.0 = Debug|Any CPU
		{CC5420CA-CCD0-40A4-964B-72CF4F065FDA}.Release|Any CPU.ActiveCfg = Release|Any CPU
		{CC5420CA-CCD0-40A4-964B-72CF4F065FDA}.Release|Any CPU.Build.0 = Release|Any CPU
	EndGlobalSection
EndGlobal
