
Microsoft Visual Studio Solution File, Format Version 12.00
# Visual Studio 2012
Project("{FAE04EC0-301F-11D3-BF4B-00C04F79EFBC}") = "JBBarBindingsMca", "JBBarBindingsMca\JBBarBindingsMca.csproj", "{88B81F89-A3A2-4365-B160-38C695C0C3F0}"
EndProject
Global
	GlobalSection(SolutionConfigurationPlatforms) = preSolution
		Debug|Any CPU = Debug|Any CPU
		Release|Any CPU = Release|Any CPU
	EndGlobalSection
	GlobalSection(ProjectConfigurationPlatforms) = postSolution
		{88B81F89-A3A2-4365-B160-38C695C0C3F0}.Debug|Any CPU.ActiveCfg = Debug|Any CPU
		{88B81F89-A3A2-4365-B160-38C695C0C3F0}.Debug|Any CPU.Build.0 = Debug|Any CPU
		{88B81F89-A3A2-4365-B160-38C695C0C3F0}.Release|Any CPU.ActiveCfg = Release|Any CPU
		{88B81F89-A3A2-4365-B160-38C695C0C3F0}.Release|Any CPU.Build.0 = Release|Any CPU
	EndGlobalSection
	GlobalSection(MonoDevelopProperties) = preSolution
		StartupItem = JBBarBindingsMca\JBBarBindingsMca.csproj
	EndGlobalSection
EndGlobal
